
Microsoft Visual Studio Solution File, Format Version 12.00
# Visual Studio 15
VisualStudioVersion = 15.0.28307.572
MinimumVisualStudioVersion = 10.0.40219.1
Project("{9A19103F-16F7-4668-BE54-9A1E7A4F7556}") = "PDBReader", "PDBReader\PDBReader.csproj", "{06789C55-C511-44F3-B16A-25E7EE7D3357}"
EndProject
Project("{9A19103F-16F7-4668-BE54-9A1E7A4F7556}") = "mmCIFReader", "mmCIFReader\mmCIFReader.csproj", "{7E8C4697-4B12-4145-8489-E8002E23D51B}"
EndProject
Global
	GlobalSection(SolutionConfigurationPlatforms) = preSolution
		Debug|Any CPU = Debug|Any CPU
		Release|Any CPU = Release|Any CPU
	EndGlobalSection
	GlobalSection(ProjectConfigurationPlatforms) = postSolution
		{06789C55-C511-44F3-B16A-25E7EE7D3357}.Debug|Any CPU.ActiveCfg = Debug|Any CPU
		{06789C55-C511-44F3-B16A-25E7EE7D3357}.Debug|Any CPU.Build.0 = Debug|Any CPU
		{06789C55-C511-44F3-B16A-25E7EE7D3357}.Release|Any CPU.ActiveCfg = Release|Any CPU
		{06789C55-C511-44F3-B16A-25E7EE7D3357}.Release|Any CPU.Build.0 = Release|Any CPU
		{7E8C4697-4B12-4145-8489-E8002E23D51B}.Debug|Any CPU.ActiveCfg = Debug|Any CPU
		{7E8C4697-4B12-4145-8489-E8002E23D51B}.Debug|Any CPU.Build.0 = Debug|Any CPU
		{7E8C4697-4B12-4145-8489-E8002E23D51B}.Release|Any CPU.ActiveCfg = Release|Any CPU
		{7E8C4697-4B12-4145-8489-E8002E23D51B}.Release|Any CPU.Build.0 = Release|Any CPU
	EndGlobalSection
	GlobalSection(SolutionProperties) = preSolution
		HideSolutionNode = FALSE
	EndGlobalSection
	GlobalSection(ExtensibilityGlobals) = postSolution
		SolutionGuid = {747CF692-88D6-4490-AC98-54A14590543B}
	EndGlobalSection
EndGlobal
